Microsoft Visual Studio Solution File, Format Version 12.00
# Visual Studio Version 17
VisualStudioVersion = 17.5.2.0
MinimumVisualStudioVersion = 10.0.40219.1
Project("{FAE04EC0-301F-11D3-BF4B-00C04F79EFBC}") = "BasicApiEndpoints", "BasicApiEndpoints\BasicApiEndpoints.csproj", "{EB531CFF-2D4A-BAAE-62F4-DF13982A2DBC}"
EndProject
Project("{FAE04EC0-301F-11D3-BF4B-00C04F79EFBC}") = "CRUDApi", "CRUDApi\CRUDApi.csproj", "{BF67BC3F-A26F-EEE4-0AC6-D42DA83A8B79}"
EndProject
Project("{FAE04EC0-301F-11D3-BF4B-00C04F79EFBC}") = "MyFirstApi", "MyFirstApi\MyFirstApi.csproj", "{13B47FEC-4DA8-B7B4-7761-2EB43824B49D}"
EndProject
Project("{FAE04EC0-301F-11D3-BF4B-00C04F79EFBC}") = "ProductApp", "MyFirstConsoleApp\ProductApp.csproj", "{F5502E22-2AE8-05FB-1DEA-B40F5C70F5D8}"
EndProject
Project("{FAE04EC0-301F-11D3-BF4B-00C04F79EFBC}") = "WeatherForecastWebApi", "WeatherForecastWebApi\WeatherForecastWebApi.csproj", "{F2EE95B2-1F2B-0C45-FF10-D252E736AE70}"
EndProject
Global
	GlobalSection(SolutionConfigurationPlatforms) = preSolution
		Debug|Any CPU = Debug|Any CPU
		Release|Any CPU = Release|Any CPU
	EndGlobalSection
	GlobalSection(ProjectConfigurationPlatforms) = postSolution
		{EB531CFF-2D4A-BAAE-62F4-DF13982A2DBC}.Debug|Any CPU.ActiveCfg = Debug|Any CPU
		{EB531CFF-2D4A-BAAE-62F4-DF13982A2DBC}.Debug|Any CPU.Build.0 = Debug|Any CPU
		{EB531CFF-2D4A-BAAE-62F4-DF13982A2DBC}.Release|Any CPU.ActiveCfg = Release|Any CPU
		{EB531CFF-2D4A-BAAE-62F4-DF13982A2DBC}.Release|Any CPU.Build.0 = Release|Any CPU
		{BF67BC3F-A26F-EEE4-0AC6-D42DA83A8B79}.Debug|Any CPU.ActiveCfg = Debug|Any CPU
		{BF67BC3F-A26F-EEE4-0AC6-D42DA83A8B79}.Debug|Any CPU.Build.0 = Debug|Any CPU
		{BF67BC3F-A26F-EEE4-0AC6-D42DA83A8B79}.Release|Any CPU.ActiveCfg = Release|Any CPU
		{BF67BC3F-A26F-EEE4-0AC6-D42DA83A8B79}.Release|Any CPU.Build.0 = Release|Any CPU
		{13B47FEC-4DA8-B7B4-7761-2EB43824B49D}.Debug|Any CPU.ActiveCfg = Debug|Any CPU
		{13B47FEC-4DA8-B7B4-7761-2EB43824B49D}.Debug|Any CPU.Build.0 = Debug|Any CPU
		{13B47FEC-4DA8-B7B4-7761-2EB43824B49D}.Release|Any CPU.ActiveCfg = Release|Any CPU
		{13B47FEC-4DA8-B7B4-7761-2EB43824B49D}.Release|Any CPU.Build.0 = Release|Any CPU
		{F5502E22-2AE8-05FB-1DEA-B40F5C70F5D8}.Debug|Any CPU.ActiveCfg = Debug|Any CPU
		{F5502E22-2AE8-05FB-1DEA-B40F5C70F5D8}.Debug|Any CPU.Build.0 = Debug|Any CPU
		{F5502E22-2AE8-05FB-1DEA-B40F5C70F5D8}.Release|Any CPU.ActiveCfg = Release|Any CPU
		{F5502E22-2AE8-05FB-1DEA-B40F5C70F5D8}.Release|Any CPU.Build.0 = Release|Any CPU
		{F2EE95B2-1F2B-0C45-FF10-D252E736AE70}.Debug|Any CPU.ActiveCfg = Debug|Any CPU
		{F2EE95B2-1F2B-0C45-FF10-D252E736AE70}.Debug|Any CPU.Build.0 = Debug|Any CPU
		{F2EE95B2-1F2B-0C45-FF10-D252E736AE70}.Release|Any CPU.ActiveCfg = Release|Any CPU
		{F2EE95B2-1F2B-0C45-FF10-D252E736AE70}.Release|Any CPU.Build.0 = Release|Any CPU
	EndGlobalSection
	GlobalSection(SolutionProperties) = preSolution
		HideSolutionNode = FALSE
	EndGlobalSection
	GlobalSection(ExtensibilityGlobals) = postSolution
		SolutionGuid = {AB0E1817-3584-4FF4-94A0-9B31DC92BBA5}
	EndGlobalSection
EndGlobal
