Microsoft Visual Studio Solution File, Format Version 12.00
# Visual Studio Version 17
VisualStudioVersion = 17.5.2.0
MinimumVisualStudioVersion = 10.0.40219.1
Project("{FAE04EC0-301F-11D3-BF4B-00C04F79EFBC}") = "SerializationSecurityApp", "SerializationSecurityApp.csproj", "{F7749DE2-F8FD-2467-1D51-EDFCC711C3E6}"
EndProject
Global
	GlobalSection(SolutionConfigurationPlatforms) = preSolution
		Debug|Any CPU = Debug|Any CPU
		Release|Any CPU = Release|Any CPU
	EndGlobalSection
	GlobalSection(ProjectConfigurationPlatforms) = postSolution
		{F7749DE2-F8FD-2467-1D51-EDFCC711C3E6}.Debug|Any CPU.ActiveCfg = Debug|Any CPU
		{F7749DE2-F8FD-2467-1D51-EDFCC711C3E6}.Debug|Any CPU.Build.0 = Debug|Any CPU
		{F7749DE2-F8FD-2467-1D51-EDFCC711C3E6}.Release|Any CPU.ActiveCfg = Release|Any CPU
		{F7749DE2-F8FD-2467-1D51-EDFCC711C3E6}.Release|Any CPU.Build.0 = Release|Any CPU
	EndGlobalSection
	GlobalSection(SolutionProperties) = preSolution
		HideSolutionNode = FALSE
	EndGlobalSection
	GlobalSection(ExtensibilityGlobals) = postSolution
		SolutionGuid = {6B78B341-0400-4990-BB22-19A8E75E9535}
	EndGlobalSection
EndGlobal
