Microsoft Visual Studio Solution File, Format Version 12.00
# Visual Studio Version 17
VisualStudioVersion = 17.5.2.0
MinimumVisualStudioVersion = 10.0.40219.1
Project("{FAE04EC0-301F-11D3-BF4B-00C04F79EFBC}") = "SerializationTechniques", "SerializationTechniques.csproj", "{00AEAAAF-EF26-35A9-0A7B-1B5EFF24A0DF}"
EndProject
Global
	GlobalSection(SolutionConfigurationPlatforms) = preSolution
		Debug|Any CPU = Debug|Any CPU
		Release|Any CPU = Release|Any CPU
	EndGlobalSection
	GlobalSection(ProjectConfigurationPlatforms) = postSolution
		{00AEAAAF-EF26-35A9-0A7B-1B5EFF24A0DF}.Debug|Any CPU.ActiveCfg = Debug|Any CPU
		{00AEAAAF-EF26-35A9-0A7B-1B5EFF24A0DF}.Debug|Any CPU.Build.0 = Debug|Any CPU
		{00AEAAAF-EF26-35A9-0A7B-1B5EFF24A0DF}.Release|Any CPU.ActiveCfg = Release|Any CPU
		{00AEAAAF-EF26-35A9-0A7B-1B5EFF24A0DF}.Release|Any CPU.Build.0 = Release|Any CPU
	EndGlobalSection
	GlobalSection(SolutionProperties) = preSolution
		HideSolutionNode = FALSE
	EndGlobalSection
	GlobalSection(ExtensibilityGlobals) = postSolution
		SolutionGuid = {B60AC887-F504-4C89-A60D-C5620682C034}
	EndGlobalSection
EndGlobal
