Microsoft Visual Studio Solution File, Format Version 12.00
# Visual Studio Version 17
VisualStudioVersion = 17.5.2.0
MinimumVisualStudioVersion = 10.0.40219.1
Project("{FAE04EC0-301F-11D3-BF4B-00C04F79EFBC}") = "ConfiguringMiddleware", "ConfiguringMiddleware.csproj", "{3ECB4AB5-37DC-54BC-F8E2-145C7D53FECD}"
EndProject
Global
	GlobalSection(SolutionConfigurationPlatforms) = preSolution
		Debug|Any CPU = Debug|Any CPU
		Release|Any CPU = Release|Any CPU
	EndGlobalSection
	GlobalSection(ProjectConfigurationPlatforms) = postSolution
		{3ECB4AB5-37DC-54BC-F8E2-145C7D53FECD}.Debug|Any CPU.ActiveCfg = Debug|Any CPU
		{3ECB4AB5-37DC-54BC-F8E2-145C7D53FECD}.Debug|Any CPU.Build.0 = Debug|Any CPU
		{3ECB4AB5-37DC-54BC-F8E2-145C7D53FECD}.Release|Any CPU.ActiveCfg = Release|Any CPU
		{3ECB4AB5-37DC-54BC-F8E2-145C7D53FECD}.Release|Any CPU.Build.0 = Release|Any CPU
	EndGlobalSection
	GlobalSection(SolutionProperties) = preSolution
		HideSolutionNode = FALSE
	EndGlobalSection
	GlobalSection(ExtensibilityGlobals) = postSolution
		SolutionGuid = {B4BCA3E0-D3AF-42C6-86D0-8189D641CD38}
	EndGlobalSection
EndGlobal
